lockfileVersion: '9.0'

settings:
  autoInstallPeers: true
  excludeLinksFromLockfile: false

importers:

  .:
    dependencies:
      '@supabase/supabase-js':
        specifier: ^2.0.0
        version: 2.58.0
      dotenv:
        specifier: ^16.0.0
        version: 16.6.1
      node-fetch:
        specifier: ^3.0.0
        version: 3.3.2

packages:

  '@supabase/auth-js@2.72.0':
    resolution: {integrity: sha512-4+bnUrtTDK1YD0/FCx2YtMiQH5FGu9Jlf4IQi5kcqRwRwqp2ey39V61nHNdH86jm3DIzz0aZKiWfTW8qXk1swQ==}

  '@supabase/functions-js@2.5.0':
    resolution: {integrity: sha512-SXBx6Jvp+MOBekeKFu+G11YLYPeVeGQl23eYyAG9+Ro0pQ1aIP0UZNIBxHKNHqxzR0L0n6gysNr2KT3841NATw==}

  '@supabase/node-fetch@2.6.15':
    resolution: {integrity: sha512-1ibVeYUacxWYi9i0cf5efil6adJ9WRyZBLivgjs+AUpewx1F3xPi7gLgaASI2SmIQxPoCEjAsLAzKPgMJVgOUQ==}
    engines: {node: 4.x || >=6.0.0}

  '@supabase/postgrest-js@1.21.4':
    resolution: {integrity: sha512-TxZCIjxk6/dP9abAi89VQbWWMBbybpGWyvmIzTd79OeravM13OjR/YEYeyUOPcM1C3QyvXkvPZhUfItvmhY1IQ==}

  '@supabase/realtime-js@2.15.5':
    resolution: {integrity: sha512-/Rs5Vqu9jejRD8ZeuaWXebdkH+J7V6VySbCZ/zQM93Ta5y3mAmocjioa/nzlB6qvFmyylUgKVS1KpE212t30OA==}

  '@supabase/storage-js@2.12.2':
    resolution: {integrity: sha512-SiySHxi3q7gia7NBYpsYRu8gyI0NhFwSORMxbZIxJ/zAVkN6QpwDRan158CJ+UdzD4WB/rQMAGRqIJQP+7ccAQ==}

  '@supabase/supabase-js@2.58.0':
    resolution: {integrity: sha512-Tm1RmQpoAKdQr4/8wiayGti/no+If7RtveVZjHR8zbO7hhQjmPW2Ok5ZBPf1MGkt5c+9R85AVMsTfSaqAP1sUg==}

  '@types/node@24.6.2':
    resolution: {integrity: sha512-d2L25Y4j+W3ZlNAeMKcy7yDsK425ibcAOO2t7aPTz6gNMH0z2GThtwENCDc0d/Pw9wgyRqE5Px1wkV7naz8ang==}

  '@types/phoenix@1.6.6':
    resolution: {integrity: sha512-PIzZZlEppgrpoT2QgbnDU+MMzuR6BbCjllj0bM70lWoejMeNJAxCchxnv7J3XFkI8MpygtRpzXrIlmWUBclP5A==}

  '@types/ws@8.18.1':
    resolution: {integrity: sha512-ThVF6DCVhA8kUGy+aazFQ4kXQ7E1Ty7A3ypFOe0IcJV8O/M511G99AW24irKrW56Wt44yG9+ij8FaqoBGkuBXg==}

  data-uri-to-buffer@4.0.1:
    resolution: {integrity: sha512-0R9ikRb668HB7QDxT1vkpuUBtqc53YyAwMwGeUFKRojY/NWKvdZ+9UYtRfGmhqNbRkTSVpMbmyhXipFFv2cb/A==}
    engines: {node: '>= 12'}

  dotenv@16.6.1:
    resolution: {integrity: sha512-uBq4egWHTcTt33a72vpSG0z3HnPuIl6NqYcTrKEg2azoEyl2hpW0zqlxysq2pK9HlDIHyHyakeYaYnSAwd8bow==}
    engines: {node: '>=12'}

  fetch-blob@3.2.0:
    resolution: {integrity: sha512-7yAQpD2UMJzLi1Dqv7qFYnPbaPx7ZfFK6PiIxQ4PfkGPyNyl2Ugx+a/umUonmKqjhM4DnfbMvdX6otXq83soQQ==}
    engines: {node: ^12.20 || >= 14.13}

  formdata-polyfill@4.0.10:
    resolution: {integrity: sha512-buewHzMvYL29jdeQTVILecSaZKnt/RJWjoZCF5OW60Z67/GmSLBkOFM7qh1PI3zFNtJbaZL5eQu1vLfazOwj4g==}
    engines: {node: '>=12.20.0'}

  node-domexception@1.0.0:
    resolution: {integrity: sha512-/jKZoMpw0F8GRwl4/eLROPA3cfcXtLApP0QzLmUT/HuPCZWyB7IY9ZrMeKw2O/nFIqPQB3PVM9aYm0F312AXDQ==}
    engines: {node: '>=10.5.0'}
    deprecated: Use your platform's native DOMException instead

  node-fetch@3.3.2:
    resolution: {integrity: sha512-dRB78srN/l6gqWulah9SrxeYnxeddIG30+GOqK/9OlLVyLg3HPnr6SqOWTWOXKRwC2eGYCkZ59NNuSgvSrpgOA==}
    engines: {node: ^12.20.0 || ^14.13.1 || >=16.0.0}

  tr46@0.0.3:
    resolution: {integrity: sha512-N3WMsuqV66lT30CrXNbEjx4GEwlow3v6rr4mCcv6prnfwhS01rkgyFdjPNBYd9br7LpXV1+Emh01fHnq2Gdgrw==}

  undici-types@7.13.0:
    resolution: {integrity: sha512-Ov2Rr9Sx+fRgagJ5AX0qvItZG/JKKoBRAVITs1zk7IqZGTJUwgUr7qoYBpWwakpWilTZFM98rG/AFRocu10iIQ==}

  web-streams-polyfill@3.3.3:
    resolution: {integrity: sha512-d2JWLCivmZYTSIoge9MsgFCZrt571BikcWGYkjC1khllbTeDlGqZ2D8vD8E/lJa8WGWbb7Plm8/XJYV7IJHZZw==}
    engines: {node: '>= 8'}

  webidl-conversions@3.0.1:
    resolution: {integrity: sha512-2JAn3z8AR6rjK8Sm8orRC0h/bcl/DqL7tRPdGZ4I1CjdF+EaMLmYxBHyXuKL849eucPFhvBoxMsflfOb8kxaeQ==}

  whatwg-url@5.0.0:
    resolution: {integrity: sha512-saE57nupxk6v3HY35+jzBwYa0rKSy0XR8JSxZPwgLr7ys0IBzhGviA1/TUGJLmSVqs8pb9AnvICXEuOHLprYTw==}

  ws@8.18.3:
    resolution: {integrity: sha512-PEIGCY5tSlUt50cqyMXfCzX+oOPqN0vuGqWzbcJ2xvnkzkq46oOpz7dQaTDBdfICb4N14+GARUDw2XV2N4tvzg==}
    engines: {node: '>=10.0.0'}
    peerDependencies:
      bufferutil: ^4.0.1
      utf-8-validate: '>=5.0.2'
    peerDependenciesMeta:
      bufferutil:
        optional: true
      utf-8-validate:
        optional: true

snapshots:

  '@supabase/auth-js@2.72.0':
    dependencies:
      '@supabase/node-fetch': 2.6.15

  '@supabase/functions-js@2.5.0':
    dependencies:
      '@supabase/node-fetch': 2.6.15

  '@supabase/node-fetch@2.6.15':
    dependencies:
      whatwg-url: 5.0.0

  '@supabase/postgrest-js@1.21.4':
    dependencies:
      '@supabase/node-fetch': 2.6.15

  '@supabase/realtime-js@2.15.5':
    dependencies:
      '@supabase/node-fetch': 2.6.15
      '@types/phoenix': 1.6.6
      '@types/ws': 8.18.1
      ws: 8.18.3
    transitivePeerDependencies:
      - bufferutil
      - utf-8-validate

  '@supabase/storage-js@2.12.2':
    dependencies:
      '@supabase/node-fetch': 2.6.15

  '@supabase/supabase-js@2.58.0':
    dependencies:
      '@supabase/auth-js': 2.72.0
      '@supabase/functions-js': 2.5.0
      '@supabase/node-fetch': 2.6.15
      '@supabase/postgrest-js': 1.21.4
      '@supabase/realtime-js': 2.15.5
      '@supabase/storage-js': 2.12.2
    transitivePeerDependencies:
      - bufferutil
      - utf-8-validate

  '@types/node@24.6.2':
    dependencies:
      undici-types: 7.13.0

  '@types/phoenix@1.6.6': {}

  '@types/ws@8.18.1':
    dependencies:
      '@types/node': 24.6.2

  data-uri-to-buffer@4.0.1: {}

  dotenv@16.6.1: {}

  fetch-blob@3.2.0:
    dependencies:
      node-domexception: 1.0.0
      web-streams-polyfill: 3.3.3

  formdata-polyfill@4.0.10:
    dependencies:
      fetch-blob: 3.2.0

  node-domexception@1.0.0: {}

  node-fetch@3.3.2:
    dependencies:
      data-uri-to-buffer: 4.0.1
      fetch-blob: 3.2.0
      formdata-polyfill: 4.0.10

  tr46@0.0.3: {}

  undici-types@7.13.0: {}

  web-streams-polyfill@3.3.3: {}

  webidl-conversions@3.0.1: {}

  whatwg-url@5.0.0:
    dependencies:
      tr46: 0.0.3
      webidl-conversions: 3.0.1

  ws@8.18.3: {}
